
Microsoft Visual Studio Solution File, Format Version 12.00
# Visual Studio Version 17
VisualStudioVersion = 17.0.32126.317
MinimumVisualStudioVersion = 10.0.40219.1
Project("{9A19103F-16F7-4668-BE54-9A1E7A4F7556}") = "ServiceOrders.Models", "ServiceOrders.Models\ServiceOrders.Models.csproj", "{CA28167F-01C5-4A28-AE45-FE593CED6301}"
EndProject
Project("{9A19103F-16F7-4668-BE54-9A1E7A4F7556}") = "ServiceOrders.UsersService", "ServiceOrders.UsersService\ServiceOrders.UsersService.csproj", "{C12CED08-96D5-4FF1-80B5-3295A75A3900}"
EndProject
Project("{9A19103F-16F7-4668-BE54-9A1E7A4F7556}") = "ServiceOrders.Repository", "ServiceOrders.Repository\ServiceOrders.Repository.csproj", "{C25B20F8-D166-465C-A11C-567D2E964A34}"
EndProject
Project("{FAE04EC0-301F-11D3-BF4B-00C04F79EFBC}") = "ServiceOrders.ServicesService", "ServiceOrders.ServicesService\ServiceOrders.ServicesService.csproj", "{A15331E3-4070-4695-9443-3CECCF5A760A}"
EndProject
Project("{FAE04EC0-301F-11D3-BF4B-00C04F79EFBC}") = "ServiceOrders.OrdersService", "ServiceOrders.OrdersService\ServiceOrders.OrdersService.csproj", "{B97AFE60-78FF-4B84-906C-3D7EF9E73B6E}"
EndProject
Global
	GlobalSection(SolutionConfigurationPlatforms) = preSolution
		Debug|Any CPU = Debug|Any CPU
		Release|Any CPU = Release|Any CPU
	EndGlobalSection
	GlobalSection(ProjectConfigurationPlatforms) = postSolution
		{CA28167F-01C5-4A28-AE45-FE593CED6301}.Debug|Any CPU.ActiveCfg = Debug|Any CPU
		{CA28167F-01C5-4A28-AE45-FE593CED6301}.Debug|Any CPU.Build.0 = Debug|Any CPU
		{CA28167F-01C5-4A28-AE45-FE593CED6301}.Release|Any CPU.ActiveCfg = Release|Any CPU
		{CA28167F-01C5-4A28-AE45-FE593CED6301}.Release|Any CPU.Build.0 = Release|Any CPU
		{C12CED08-96D5-4FF1-80B5-3295A75A3900}.Debug|Any CPU.ActiveCfg = Debug|Any CPU
		{C12CED08-96D5-4FF1-80B5-3295A75A3900}.Debug|Any CPU.Build.0 = Debug|Any CPU
		{C12CED08-96D5-4FF1-80B5-3295A75A3900}.Release|Any CPU.ActiveCfg = Release|Any CPU
		{C12CED08-96D5-4FF1-80B5-3295A75A3900}.Release|Any CPU.Build.0 = Release|Any CPU
		{C25B20F8-D166-465C-A11C-567D2E964A34}.Debug|Any CPU.ActiveCfg = Debug|Any CPU
		{C25B20F8-D166-465C-A11C-567D2E964A34}.Debug|Any CPU.Build.0 = Debug|Any CPU
		{C25B20F8-D166-465C-A11C-567D2E964A34}.Release|Any CPU.ActiveCfg = Release|Any CPU
		{C25B20F8-D166-465C-A11C-567D2E964A34}.Release|Any CPU.Build.0 = Release|Any CPU
		{A15331E3-4070-4695-9443-3CECCF5A760A}.Debug|Any CPU.ActiveCfg = Debug|Any CPU
		{A15331E3-4070-4695-9443-3CECCF5A760A}.Debug|Any CPU.Build.0 = Debug|Any CPU
		{A15331E3-4070-4695-9443-3CECCF5A760A}.Release|Any CPU.ActiveCfg = Release|Any CPU
		{A15331E3-4070-4695-9443-3CECCF5A760A}.Release|Any CPU.Build.0 = Release|Any CPU
		{B97AFE60-78FF-4B84-906C-3D7EF9E73B6E}.Debug|Any CPU.ActiveCfg = Debug|Any CPU
		{B97AFE60-78FF-4B84-906C-3D7EF9E73B6E}.Debug|Any CPU.Build.0 = Debug|Any CPU
		{B97AFE60-78FF-4B84-906C-3D7EF9E73B6E}.Release|Any CPU.ActiveCfg = Release|Any CPU
		{B97AFE60-78FF-4B84-906C-3D7EF9E73B6E}.Release|Any CPU.Build.0 = Release|Any CPU
	EndGlobalSection
	GlobalSection(SolutionProperties) = preSolution
		HideSolutionNode = FALSE
	EndGlobalSection
	GlobalSection(ExtensibilityGlobals) = postSolution
		SolutionGuid = {636FD791-22C1-46D0-9EA3-EE8F1B143697}
	EndGlobalSection
EndGlobal
